
Microsoft Visual Studio Solution File, Format Version 12.00
# Visual Studio Version 16
VisualStudioVersion = 16.0.28803.352
MinimumVisualStudioVersion = 10.0.40219.1
Project("{FAE04EC0-301F-11D3-BF4B-00C04F79EFBC}") = "DLLImports", "DLLImports\DLLImports.csproj", "{469264A8-736A-4EA6-B512-21C646D0D8F0}"
EndProject
Global
	GlobalSection(SolutionConfigurationPlatforms) = preSolution
		Debug|Any CPU = Debug|Any CPU
		Release|Any CPU = Release|Any CPU
	EndGlobalSection
	GlobalSection(ProjectConfigurationPlatforms) = postSolution
		{469264A8-736A-4EA6-B512-21C646D0D8F0}.Debug|Any CPU.ActiveCfg = Debug|Any CPU
		{469264A8-736A-4EA6-B512-21C646D0D8F0}.Debug|Any CPU.Build.0 = Debug|Any CPU
		{469264A8-736A-4EA6-B512-21C646D0D8F0}.Release|Any CPU.ActiveCfg = Release|Any CPU
		{469264A8-736A-4EA6-B512-21C646D0D8F0}.Release|Any CPU.Build.0 = Release|Any CPU
	EndGlobalSection
	GlobalSection(SolutionProperties) = preSolution
		HideSolutionNode = FALSE
	EndGlobalSection
	GlobalSection(ExtensibilityGlobals) = postSolution
		SolutionGuid = {811D6B1C-3394-4A49-A8DC-901F64DAB721}
	EndGlobalSection
EndGlobal
